
Microsoft Visual Studio Solution File, Format Version 12.00
# Visual Studio Version 17
VisualStudioVersion = 17.9.34622.214
MinimumVisualStudioVersion = 10.0.40219.1
Project("{9A19103F-16F7-4668-BE54-9A1E7A4F7556}") = "EFCore_Activity0302", "EFCore_Activity0302\EFCore_Activity0302.csproj", "{8FEAB594-3A82-4A93-A9BE-6AC4DFFD00D9}"
EndProject
Project("{9A19103F-16F7-4668-BE54-9A1E7A4F7556}") = "EFCore_DBLibrary", "EFCore_DBLibrary\EFCore_DBLibrary.csproj", "{06790296-B7CC-44BB-8BDD-F58EEE35E81E}"
EndProject
Project("{9A19103F-16F7-4668-BE54-9A1E7A4F7556}") = "InventoryHelpers", "InventoryHelpers\InventoryHelpers.csproj", "{2262DC23-8E52-494C-9CF1-6E6422C92E2E}"
EndProject
Project("{9A19103F-16F7-4668-BE54-9A1E7A4F7556}") = "InventoryModels", "InventoryModels\InventoryModels.csproj", "{C759919F-7CE7-436E-A332-FCE2EB784376}"
EndProject
Project("{FAE04EC0-301F-11D3-BF4B-00C04F79EFBC}") = "InventoryDataMigrator", "InventoryDataMigrator\InventoryDataMigrator.csproj", "{51F97EBA-D17D-466B-8761-FE137D18FC8E}"
EndProject
Global
	GlobalSection(SolutionConfigurationPlatforms) = preSolution
		Debug|Any CPU = Debug|Any CPU
		Release|Any CPU = Release|Any CPU
	EndGlobalSection
	GlobalSection(ProjectConfigurationPlatforms) = postSolution
		{8FEAB594-3A82-4A93-A9BE-6AC4DFFD00D9}.Debug|Any CPU.ActiveCfg = Debug|Any CPU
		{8FEAB594-3A82-4A93-A9BE-6AC4DFFD00D9}.Debug|Any CPU.Build.0 = Debug|Any CPU
		{8FEAB594-3A82-4A93-A9BE-6AC4DFFD00D9}.Release|Any CPU.ActiveCfg = Release|Any CPU
		{8FEAB594-3A82-4A93-A9BE-6AC4DFFD00D9}.Release|Any CPU.Build.0 = Release|Any CPU
		{06790296-B7CC-44BB-8BDD-F58EEE35E81E}.Debug|Any CPU.ActiveCfg = Debug|Any CPU
		{06790296-B7CC-44BB-8BDD-F58EEE35E81E}.Debug|Any CPU.Build.0 = Debug|Any CPU
		{06790296-B7CC-44BB-8BDD-F58EEE35E81E}.Release|Any CPU.ActiveCfg = Release|Any CPU
		{06790296-B7CC-44BB-8BDD-F58EEE35E81E}.Release|Any CPU.Build.0 = Release|Any CPU
		{2262DC23-8E52-494C-9CF1-6E6422C92E2E}.Debug|Any CPU.ActiveCfg = Debug|Any CPU
		{2262DC23-8E52-494C-9CF1-6E6422C92E2E}.Debug|Any CPU.Build.0 = Debug|Any CPU
		{2262DC23-8E52-494C-9CF1-6E6422C92E2E}.Release|Any CPU.ActiveCfg = Release|Any CPU
		{2262DC23-8E52-494C-9CF1-6E6422C92E2E}.Release|Any CPU.Build.0 = Release|Any CPU
		{C759919F-7CE7-436E-A332-FCE2EB784376}.Debug|Any CPU.ActiveCfg = Debug|Any CPU
		{C759919F-7CE7-436E-A332-FCE2EB784376}.Debug|Any CPU.Build.0 = Debug|Any CPU
		{C759919F-7CE7-436E-A332-FCE2EB784376}.Release|Any CPU.ActiveCfg = Release|Any CPU
		{C759919F-7CE7-436E-A332-FCE2EB784376}.Release|Any CPU.Build.0 = Release|Any CPU
		{51F97EBA-D17D-466B-8761-FE137D18FC8E}.Debug|Any CPU.ActiveCfg = Debug|Any CPU
		{51F97EBA-D17D-466B-8761-FE137D18FC8E}.Debug|Any CPU.Build.0 = Debug|Any CPU
		{51F97EBA-D17D-466B-8761-FE137D18FC8E}.Release|Any CPU.ActiveCfg = Release|Any CPU
		{51F97EBA-D17D-466B-8761-FE137D18FC8E}.Release|Any CPU.Build.0 = Release|Any CPU
	EndGlobalSection
	GlobalSection(SolutionProperties) = preSolution
		HideSolutionNode = FALSE
	EndGlobalSection
	GlobalSection(ExtensibilityGlobals) = postSolution
		SolutionGuid = {658B3D46-D0F4-4167-A13D-AEACC4EEA724}
	EndGlobalSection
EndGlobal
